
Microsoft Visual Studio Solution File, Format Version 12.00
# Visual Studio Version 17
VisualStudioVersion = 17.9.34902.65
MinimumVisualStudioVersion = 10.0.40219.1
Project("{8BC9CEB8-8B4A-11D0-8D11-00A0C91BC942}") = "lab6", "lab6\lab6.vcxproj", "{FDA9C2D7-F01C-44A2-9C59-35B35CBE40AE}"
EndProject
Global
	GlobalSection(SolutionConfigurationPlatforms) = preSolution
		Debug|x64 = Debug|x64
		Debug|x86 = Debug|x86
		Release|x64 = Release|x64
		Release|x86 = Release|x86
	EndGlobalSection
	GlobalSection(ProjectConfigurationPlatforms) = postSolution
		{FDA9C2D7-F01C-44A2-9C59-35B35CBE40AE}.Debug|x64.ActiveCfg = Debug|x64
		{FDA9C2D7-F01C-44A2-9C59-35B35CBE40AE}.Debug|x64.Build.0 = Debug|x64
		{FDA9C2D7-F01C-44A2-9C59-35B35CBE40AE}.Debug|x86.ActiveCfg = Debug|Win32
		{FDA9C2D7-F01C-44A2-9C59-35B35CBE40AE}.Debug|x86.Build.0 = Debug|Win32
		{FDA9C2D7-F01C-44A2-9C59-35B35CBE40AE}.Release|x64.ActiveCfg = Release|x64
		{FDA9C2D7-F01C-44A2-9C59-35B35CBE40AE}.Release|x64.Build.0 = Release|x64
		{FDA9C2D7-F01C-44A2-9C59-35B35CBE40AE}.Release|x86.ActiveCfg = Release|Win32
		{FDA9C2D7-F01C-44A2-9C59-35B35CBE40AE}.Release|x86.Build.0 = Release|Win32
	EndGlobalSection
	GlobalSection(SolutionProperties) = preSolution
		HideSolutionNode = FALSE
	EndGlobalSection
	GlobalSection(ExtensibilityGlobals) = postSolution
		SolutionGuid = {DB72E538-C2B9-4864-AAE8-FB0A9E0086DF}
	EndGlobalSection
EndGlobal
